
Microsoft Visual Studio Solution File, Format Version 12.00
# Visual Studio 15
VisualStudioVersion = 15.0.28307.421
MinimumVisualStudioVersion = 10.0.40219.1
Project("{FAE04EC0-301F-11D3-BF4B-00C04F79EFBC}") = "EnglishEducomics", "EnglishEducomics\EnglishEducomics.csproj", "{B3E861E2-FA37-4A6A-850A-0A053F27234D}"
EndProject
Global
	GlobalSection(SolutionConfigurationPlatforms) = preSolution
		Debug|Any CPU = Debug|Any CPU
		Release|Any CPU = Release|Any CPU
	EndGlobalSection
	GlobalSection(ProjectConfigurationPlatforms) = postSolution
		{B3E861E2-FA37-4A6A-850A-0A053F27234D}.Debug|Any CPU.ActiveCfg = Debug|Any CPU
		{B3E861E2-FA37-4A6A-850A-0A053F27234D}.Debug|Any CPU.Build.0 = Debug|Any CPU
		{B3E861E2-FA37-4A6A-850A-0A053F27234D}.Release|Any CPU.ActiveCfg = Release|Any CPU
		{B3E861E2-FA37-4A6A-850A-0A053F27234D}.Release|Any CPU.Build.0 = Release|Any CPU
	EndGlobalSection
	GlobalSection(SolutionProperties) = preSolution
		HideSolutionNode = FALSE
	EndGlobalSection
	GlobalSection(ExtensibilityGlobals) = postSolution
		SolutionGuid = {FE668AE2-0D18-40A4-AF52-C550CC3B681F}
	EndGlobalSection
EndGlobal
